# This file is autogenerated, do not edit; changes may be undone by the next 'dep ensure'.


[[projects]]
  digest = "1:b92928b73320648b38c93cacb9082c0fe3f8ac3383ad9bd537eef62c380e0e7a"
  name = "contrib.go.opencensus.io/exporter/ocagent"
  packages = ["."]
  pruneopts = "UT"
  revision = "00af367e65149ff1f2f4b93bbfbb84fd9297170d"
  version = "v0.2.0"

[[projects]]
  digest = "1:c90f1676ccab5cceb2e9be4d7784eee2728cd4a9a49e7b3c2db79ae94e68ffc2"
  name = "github.com/Azure/azure-sdk-for-go"
  packages = [
    "services/compute/mgmt/2018-10-01/compute",
    "services/network/mgmt/2016-09-01/network",
    "services/resources/mgmt/2015-11-01/subscriptions",
    "services/resources/mgmt/2016-07-01/resources",
    "services/storage/mgmt/2016-01-01/storage",
    "storage",
    "version",
  ]
  pruneopts = "UT"
  revision = "2ea98fc438b9d78aa2ab32bab44c7f68e506385e"
  version = "v25.1.0"

[[projects]]
  branch = "master"
  digest = "1:6da51e5ec493ad2b44cb04129e2d0a068c8fb9bd6cb5739d199573558696bb94"
  name = "github.com/Azure/go-ansiterm"
  packages = [
    ".",
    "winterm",
  ]
  pruneopts = "UT"
  revision = "d6e3b3328b783f23731bc4d058875b0371ff8109"

[[projects]]
  digest = "1:a7af58fd4e6dee90094171c293eedfd2631bd8d9e06547b7988fd55a41474708"
  name = "github.com/Azure/go-autorest"
  packages = [
    "autorest",
    "autorest/adal",
    "autorest/azure",
    "autorest/date",
    "autorest/to",
    "autorest/validation",
    "logger",
    "tracing",
  ]
  pruneopts = "UT"
  revision = "71d02b67e17a3d80abf8db171f1ca80c39eb2e90"
  version = "v11.4.0"

[[projects]]
  digest = "1:3e3787c889e4c6600e320ae16abfde18cac2c1f96948180be584665a35ee3ec2"
  name = "github.com/aws/aws-sdk-go"
  packages = [
    "aws",
    "aws/awserr",
    "aws/awsutil",
    "aws/client",
    "aws/client/metadata",
    "aws/corehandlers",
    "aws/credentials",
    "aws/credentials/ec2rolecreds",
    "aws/credentials/endpointcreds",
    "aws/credentials/stscreds",
    "aws/defaults",
    "aws/ec2metadata",
    "aws/request",
    "aws/session",
    "aws/signer/v4",
    "private/endpoints",
    "private/protocol",
    "private/protocol/ec2query",
    "private/protocol/query",
    "private/protocol/query/queryutil",
    "private/protocol/rest",
    "private/protocol/xml/xmlutil",
    "private/waiter",
    "service/ec2",
    "service/sts",
  ]
  pruneopts = "UT"
  revision = "ddfd17ec06eee10c24c5c474633273fd034afdda"
  version = "v1.4.10"

[[projects]]
  digest = "1:676da826460e2bef9b36b2b1fe93fc73c781937d2c70ca459e41c9f3277d2c55"
  name = "github.com/bugsnag/bugsnag-go"
  packages = [
    ".",
    "errors",
  ]
  pruneopts = "UT"
  revision = "02e952891c52fbcb15f113d90633897355783b6e"

[[projects]]
  branch = "master"
  digest = "1:3c8a443f16dd3c3639c7650c19af5b1a0686402f1949dafd18352d15239d9b05"
  name = "github.com/bugsnag/osext"
  packages = ["."]
  pruneopts = "UT"
  revision = "0dd3f918b21bec95ace9dc86c7e70266cfc5c702"

[[projects]]
  digest = "1:a99e9f7f0ef9aecfcfafc43152d4c928471ad16335b7141aa1347be6d76db1c2"
  name = "github.com/bugsnag/panicwrap"
  packages = ["."]
  pruneopts = "UT"
  revision = "aceac81c6e2f55f23844821679a0553b545e91df"
  version = "1.1.0"

[[projects]]
  digest = "1:f50c858ba1549c39fedde09546274f73991a1525870bd2ab575d35b956d2d246"
  name = "github.com/cenkalti/backoff"
  packages = ["."]
  pruneopts = "UT"
  revision = "9831e1e25c874e0a0601b6dc43641071414eec7a"

[[projects]]
  digest = "1:65b0d980b428a6ad4425f2df4cd5410edd81f044cf527bd1c345368444649e58"
  name = "github.com/census-instrumentation/opencensus-proto"
  packages = [
    "gen-go/agent/common/v1",
    "gen-go/agent/trace/v1",
    "gen-go/resource/v1",
    "gen-go/trace/v1",
  ]
  pruneopts = "UT"
  revision = "7f2434bc10da710debe5c4315ed6d4df454b4024"
  version = "v0.1.0"

[[projects]]
  digest = "1:af8559c18ec5d3a1a388dedaa0e790437bb99917845e37a2e4533767b02c3961"
  name = "github.com/codegangsta/cli"
  packages = ["."]
  pruneopts = "UT"
  revision = "0302d3914d2a6ad61404584cdae6e6dbc9c03599"

[[projects]]
  digest = "1:620bade21ddf8256869717861431d52650c7e40bc56bdcd3d5ec3da63e7573b0"
  name = "github.com/davecgh/go-spew"
  packages = ["spew"]
  pruneopts = "UT"
  revision = "5215b55f46b2b919f50a1df0eaa5886afe4e3b3d"

[[projects]]
  digest = "1:76dc72490af7174349349838f2fe118996381b31ea83243812a97e5a0fd5ed55"
  name = "github.com/dgrijalva/jwt-go"
  packages = ["."]
  pruneopts = "UT"
  revision = "06ea1031745cb8b3dab3f6a236daf2b0aa468b7e"
  version = "v3.2.0"

[[projects]]
  digest = "1:b41bcd468fe0882b4cd1591274dc6d007dc3c947758f34807c83200899637e4f"
  name = "github.com/digitalocean/godo"
  packages = ["."]
  pruneopts = "UT"
  revision = "d59ed2fe842bbb3cbee91c9df8bb7659dc9ee86f"

[[projects]]
  branch = "master"
  digest = "1:d2f0fc2e4829c6a0950a8a4c15a37f5585d3fb457d39fecd65ca77706dc1f59e"
  name = "github.com/docker/docker"
  packages = [
    "pkg/term",
    "pkg/term/windows",
  ]
  pruneopts = "UT"
  revision = "bf1345d0b6d91f24e06d05e741897bc83cf8bab4"

[[projects]]
  digest = "1:fe12e1ba38626f7f147bd12a8f1f2e9e24d259b4258fb81a2c27e2a705c04b25"
  name = "github.com/docker/go-units"
  packages = ["."]
  pruneopts = "UT"
  revision = "0bbddae09c5a5419a8c6dcdd7ff90da3d450393b"

[[projects]]
  digest = "1:be3684b202ef360bfe6cfa59b03b1258900936bab3fe47584ccd63d73c461858"
  name = "github.com/exoscale/egoscale"
  packages = ["."]
  pruneopts = "UT"
  revision = "0ea1c1380d6fce029198dfaf3d656b63802e1e02"
  version = "v0.12.3"

[[projects]]
  digest = "1:ad48c8fd2fb8c747d8798f19890f70b18091196274a773550a9e5dffa9e165d1"
  name = "github.com/go-ini/ini"
  packages = ["."]
  pruneopts = "UT"
  revision = "03e0e7d51a13a91c765d8d0161246bc14a38001a"

[[projects]]
  digest = "1:8f0705fa33e8957018611cc81c65cb373b626c092d39931bb86882489fc4c3f4"
  name = "github.com/golang/protobuf"
  packages = [
    "proto",
    "ptypes",
    "ptypes/any",
    "ptypes/duration",
    "ptypes/timestamp",
    "ptypes/wrappers",
  ]
  pruneopts = "UT"
  revision = "aa810b61a9c79d51363740d207bb46cf8e620ed5"
  version = "v1.2.0"

[[projects]]
  digest = "1:5235d8c3e7894393db3e5b1947818966b41e5ae8a5fa5d9c42f6586975894d01"
  name = "github.com/google/go-querystring"
  packages = ["query"]
  pruneopts = "UT"
  revision = "30f7a39f4a218feb5325f3aebc60c32a572a8274"

[[projects]]
  digest = "1:b87714e57a511d88f307aba7d5b63522da12bed0a050889c81272fc50f71100e"
  name = "github.com/jmespath/go-jmespath"
  packages = ["."]
  pruneopts = "UT"
  revision = "3433f3ea46d9f8019119e7dd41274e112a2359a9"
  version = "0.2.2"

[[projects]]
  digest = "1:4e878df5f4e9fd625bf9c9aac77ef7cbfa4a74c01265505527c23470c0e40300"
  name = "github.com/marstr/guid"
  packages = ["."]
  pruneopts = "UT"
  revision = "8bd9a64bf37eb297b492a4101fb28e80ac0b290f"
  version = "v1.1.0"

[[projects]]
  digest = "1:481d1ca274189bb298947b76bb522b7e2ee494b7ca3206c705c008a02b5124cf"
  name = "github.com/mitchellh/mapstructure"
  packages = ["."]
  pruneopts = "UT"
  revision = "740c764bc6149d3f1806231418adb9f52c11bcbf"

[[projects]]
  digest = "1:0028cb19b2e4c3112225cd871870f2d9cf49b9b4276531f03438a88e94be86fe"
  name = "github.com/pmezard/go-difflib"
  packages = ["difflib"]
  pruneopts = "UT"
  revision = "792786c7400a136282c1664665ae0a8db921c6c2"
  version = "v1.0.0"

[[projects]]
  digest = "1:89249eaf359dc2b64431f1d37a8da136ee3714852f9f5bf4bad4a41f160fcac4"
  name = "github.com/rackspace/gophercloud"
  packages = [
    ".",
    "openstack",
    "openstack/compute/v2/extensions/floatingip",
    "openstack/compute/v2/extensions/keypairs",
    "openstack/compute/v2/extensions/startstop",
    "openstack/compute/v2/flavors",
    "openstack/compute/v2/images",
    "openstack/compute/v2/servers",
    "openstack/identity/v2/tenants",
    "openstack/identity/v2/tokens",
    "openstack/identity/v3/tokens",
    "openstack/networking/v2/extensions/layer3/floatingips",
    "openstack/networking/v2/networks",
    "openstack/networking/v2/ports",
    "openstack/utils",
    "pagination",
    "rackspace",
    "rackspace/identity/v2/tokens",
    "testhelper",
    "testhelper/client",
  ]
  pruneopts = "UT"
  revision = "ce0f487f6747ab43c4e4404722df25349385bebd"

[[projects]]
  digest = "1:26409dfc790d25c654c75f396bd0329a10fc487c389ff7837733aea23bfc7880"
  name = "github.com/samalba/dockerclient"
  packages = ["."]
  pruneopts = "UT"
  revision = "f661dd4754aa5c52da85d04b5871ee0e11f4b59c"

[[projects]]
  digest = "1:274f67cb6fed9588ea2521ecdac05a6d62a8c51c074c1fccc6a49a40ba80e925"
  name = "github.com/satori/go.uuid"
  packages = ["."]
  pruneopts = "UT"
  revision = "f58768cc1a7a7e77a3bd49e98cdd21419399b6a3"
  version = "v1.2.0"

[[projects]]
  digest = "1:5622116f2c79239f2d25d47b881e14f96a8b8c17b63b8a8326a38ee1a332b007"
  name = "github.com/sirupsen/logrus"
  packages = ["."]
  pruneopts = "UT"
  revision = "d682213848ed68c0a260ca37d6dd5ace8423f5ba"
  version = "v1.0.4"

[[projects]]
  branch = "master"
  digest = "1:d72aa3b5f0cf546d1ee54079b31a17f6d3495157a2aaf0d2d7c00954370915df"
  name = "github.com/skarademir/naturalsort"
  packages = ["."]
  pruneopts = "UT"
  revision = "69a5d87bef620f77ee8508db30c846b3b84b111e"

[[projects]]
  digest = "1:9bf0f8c6684cd6cb34d838c6f8a07043d6c48be79ffe271cae99633990f8d786"
  name = "github.com/stretchr/objx"
  packages = ["."]
  pruneopts = "UT"
  revision = "1a9d0bb9f541897e62256577b352fdbc1fb4fd94"

[[projects]]
  digest = "1:ce346aa04e3c6989aa128ec6778fb4dff403e3077d48e5204c96704f35efe2e0"
  name = "github.com/stretchr/testify"
  packages = [
    "assert",
    "mock",
  ]
  pruneopts = "UT"
  revision = "1f4a1643a57e798696635ea4c126e9127adb7d3c"

[[projects]]
  branch = "master"
  digest = "1:595e123593925253dd02152777ddb8cd42300c4f61e783e163b053802547c47c"
  name = "github.com/tent/http-link-go"
  packages = ["."]
  pruneopts = "UT"
  revision = "ac974c61c2f990f4115b119354b5e0b47550e888"

[[projects]]
  digest = "1:0f79aac7325bae1fd3c5b3013d886a212a3a81471a8381058d1f6a455bc158a6"
  name = "github.com/vmware/govcloudair"
  packages = [
    ".",
    "types/v56",
  ]
  pruneopts = "UT"
  revision = "66a23eaabc61518f91769939ff541886fe1dceef"
  version = "v0.0.2"

[[projects]]
  digest = "1:46a5783efbdb552f34f2fcac90f3b0bbe790a169153706be69bf22dabdcbf337"
  name = "github.com/vmware/govmomi"
  packages = [
    ".",
    "find",
    "guest",
    "list",
    "object",
    "property",
    "session",
    "task",
    "vim25",
    "vim25/debug",
    "vim25/methods",
    "vim25/mo",
    "vim25/progress",
    "vim25/soap",
    "vim25/types",
    "vim25/xml",
  ]
  pruneopts = "UT"
  revision = "9051bd6b44125d9472e0c148b5965692ab283d4a"
  version = "v0.6.2"

[[projects]]
  digest = "1:2ae8314c44cd413cfdb5b1df082b350116dd8d2fff973e62c01b285b7affd89e"
  name = "go.opencensus.io"
  packages = [
    ".",
    "exemplar",
    "internal",
    "internal/tagencoding",
    "plugin/ochttp",
    "plugin/ochttp/propagation/b3",
    "plugin/ochttp/propagation/tracecontext",
    "stats",
    "stats/internal",
    "stats/view",
    "tag",
    "trace",
    "trace/internal",
    "trace/propagation",
    "trace/tracestate",
  ]
  pruneopts = "UT"
  revision = "b7bf3cdb64150a8c8c53b769fdeb2ba581bd4d4b"
  version = "v0.18.0"

[[projects]]
  digest = "1:c520e4d4fc9976e4da44ee0a3bdd5a45e8a206a72c1ccd2089f3d184f5eb942a"
  name = "golang.org/x/crypto"
  packages = [
    "curve25519",
    "ed25519",
    "ed25519/internal/edwards25519",
    "ssh",
    "ssh/terminal",
  ]
  pruneopts = "UT"
  revision = "51714a8c4ac1764f07ab4127d7f739351ced4759"

[[projects]]
  branch = "master"
  digest = "1:9d2f08c64693fbe7177b5980f80c35672c80f12be79bb3bc86948b934d70e4ee"
  name = "golang.org/x/net"
  packages = [
    "context",
    "context/ctxhttp",
    "http/httpguts",
    "http2",
    "http2/hpack",
    "idna",
    "internal/timeseries",
    "trace",
  ]
  pruneopts = "UT"
  revision = "65e2d4e15006aab9813ff8769e768bbf4bb667a0"

[[projects]]
  digest = "1:5b9c174f7602d8927abd72ed7095e16249fd87da044a7f9d9f8f6cb9f737719a"
  name = "golang.org/x/oauth2"
  packages = [
    ".",
    "google",
    "internal",
    "jws",
    "jwt",
  ]
  pruneopts = "UT"
  revision = "442624c9ec9243441e83b374a9e22ac549b5c51d"

[[projects]]
  branch = "master"
  digest = "1:75515eedc0dc2cb0b40372008b616fa2841d831c63eedd403285ff286c593295"
  name = "golang.org/x/sync"
  packages = ["semaphore"]
  pruneopts = "UT"
  revision = "37e7f081c4d4c64e13b10787722085407fe5d15f"

[[projects]]
  branch = "master"
  digest = "1:aa54abbf5dfa5f508ec6a975f34a84cad0b06423fa3a549b1dfe3ee2665da9d5"
  name = "golang.org/x/sys"
  packages = [
    "unix",
    "windows",
    "windows/registry",
  ]
  pruneopts = "UT"
  revision = "41f3e6584952bb034a481797859f6ab34b6803bd"

[[projects]]
  digest = "1:a2ab62866c75542dd18d2b069fec854577a20211d7c0ea6ae746072a1dccdd18"
  name = "golang.org/x/text"
  packages = [
    "collate",
    "collate/build",
    "internal/colltab",
    "internal/gen",
    "internal/tag",
    "internal/triegen",
    "internal/ucd",
    "language",
    "secure/bidirule",
    "transform",
    "unicode/bidi",
    "unicode/cldr",
    "unicode/norm",
    "unicode/rangetable",
  ]
  pruneopts = "UT"
  revision = "f21a4dfb5e38f5895301dc265a8def02365cc3d0"
  version = "v0.3.0"

[[projects]]
  branch = "master"
  digest = "1:bde27c319137eb1ff5cfb4a05524a84427bfef6186d5c79dc5910251c63ef374"
  name = "google.golang.org/api"
  packages = [
    "compute/v1",
    "gensupport",
    "googleapi",
    "googleapi/internal/uritemplates",
    "support/bundler",
  ]
  pruneopts = "UT"
  revision = "87a2f5c77b3602f3ae7c8dca6d76f9c2b9bc0957"

[[projects]]
  digest = "1:08250caf23d0b98c5aec610449d7a8b5c8f7809a55f1ecaa612a0f1b790ecb5d"
  name = "google.golang.org/appengine"
  packages = [
    ".",
    "internal",
    "internal/app_identity",
    "internal/base",
    "internal/datastore",
    "internal/log",
    "internal/modules",
    "internal/remote_api",
    "internal/urlfetch",
    "urlfetch",
  ]
  pruneopts = "UT"
  revision = "6a436539be38c296a8075a871cc536686b458371"

[[projects]]
  digest = "1:0b8b0eb3466e09a0aa705b86fa1bd25e8562395cc4034a2dceb297f3ef65e8d3"
  name = "google.golang.org/cloud"
  packages = [
    "compute/metadata",
    "internal",
  ]
  pruneopts = "UT"
  revision = "975617b05ea8a58727e6c1a06b6161ff4185a9f2"

[[projects]]
  branch = "master"
  digest = "1:077c1c599507b3b3e9156d17d36e1e61928ee9b53a5b420f10f28ebd4a0b275c"
  name = "google.golang.org/genproto"
  packages = ["googleapis/rpc/status"]
  pruneopts = "UT"
  revision = "4b09977fb92221987e99d190c8f88f2c92727a29"

[[projects]]
  digest = "1:9ab5a33d8cb5c120602a34d2e985ce17956a4e8c2edce7e6961568f95e40c09a"
  name = "google.golang.org/grpc"
  packages = [
    ".",
    "balancer",
    "balancer/base",
    "balancer/roundrobin",
    "binarylog/grpc_binarylog_v1",
    "codes",
    "connectivity",
    "credentials",
    "credentials/internal",
    "encoding",
    "encoding/proto",
    "grpclog",
    "internal",
    "internal/backoff",
    "internal/binarylog",
    "internal/channelz",
    "internal/envconfig",
    "internal/grpcrand",
    "internal/grpcsync",
    "internal/syscall",
    "internal/transport",
    "keepalive",
    "metadata",
    "naming",
    "peer",
    "resolver",
    "resolver/dns",
    "resolver/passthrough",
    "stats",
    "status",
    "tap",
  ]
  pruneopts = "UT"
  revision = "a02b0774206b209466313a0b525d2c738fe407eb"
  version = "v1.18.0"

[solve-meta]
  analyzer-name = "dep"
  analyzer-version = 1
  input-imports = [
    "github.com/Azure/azure-sdk-for-go/services/compute/mgmt/2018-10-01/compute",
    "github.com/Azure/azure-sdk-for-go/services/network/mgmt/2016-09-01/network",
    "github.com/Azure/azure-sdk-for-go/services/resources/mgmt/2015-11-01/subscriptions",
    "github.com/Azure/azure-sdk-for-go/services/resources/mgmt/2016-07-01/resources",
    "github.com/Azure/azure-sdk-for-go/services/storage/mgmt/2016-01-01/storage",
    "github.com/Azure/azure-sdk-for-go/storage",
    "github.com/Azure/go-autorest/autorest",
    "github.com/Azure/go-autorest/autorest/adal",
    "github.com/Azure/go-autorest/autorest/azure",
    "github.com/Azure/go-autorest/autorest/to",
    "github.com/aws/aws-sdk-go/aws",
    "github.com/aws/aws-sdk-go/aws/awserr",
    "github.com/aws/aws-sdk-go/aws/credentials",
    "github.com/aws/aws-sdk-go/aws/session",
    "github.com/aws/aws-sdk-go/service/ec2",
    "github.com/bugsnag/bugsnag-go",
    "github.com/codegangsta/cli",
    "github.com/digitalocean/godo",
    "github.com/docker/docker/pkg/term",
    "github.com/exoscale/egoscale",
    "github.com/rackspace/gophercloud",
    "github.com/rackspace/gophercloud/openstack",
    "github.com/rackspace/gophercloud/openstack/compute/v2/extensions/floatingip",
    "github.com/rackspace/gophercloud/openstack/compute/v2/extensions/keypairs",
    "github.com/rackspace/gophercloud/openstack/compute/v2/extensions/startstop",
    "github.com/rackspace/gophercloud/openstack/compute/v2/flavors",
    "github.com/rackspace/gophercloud/openstack/compute/v2/images",
    "github.com/rackspace/gophercloud/openstack/compute/v2/servers",
    "github.com/rackspace/gophercloud/openstack/identity/v2/tenants",
    "github.com/rackspace/gophercloud/openstack/networking/v2/extensions/layer3/floatingips",
    "github.com/rackspace/gophercloud/openstack/networking/v2/networks",
    "github.com/rackspace/gophercloud/openstack/networking/v2/ports",
    "github.com/rackspace/gophercloud/pagination",
    "github.com/rackspace/gophercloud/rackspace",
    "github.com/samalba/dockerclient",
    "github.com/skarademir/naturalsort",
    "github.com/stretchr/testify/assert",
    "github.com/stretchr/testify/mock",
    "github.com/vmware/govcloudair",
    "github.com/vmware/govmomi",
    "github.com/vmware/govmomi/find",
    "github.com/vmware/govmomi/guest",
    "github.com/vmware/govmomi/object",
    "github.com/vmware/govmomi/vim25/mo",
    "github.com/vmware/govmomi/vim25/soap",
    "github.com/vmware/govmomi/vim25/types",
    "golang.org/x/crypto/ssh",
    "golang.org/x/crypto/ssh/terminal",
    "golang.org/x/net/context",
    "golang.org/x/oauth2",
    "golang.org/x/oauth2/google",
    "golang.org/x/sys/windows/registry",
    "google.golang.org/api/compute/v1",
    "google.golang.org/api/googleapi",
  ]
  solver-name = "gps-cdcl"
  solver-version = 1
